
Microsoft Visual Studio Solution File, Format Version 12.00
# Visual Studio Version 17
VisualStudioVersion = 17.8.34330.188
MinimumVisualStudioVersion = 10.0.40219.1
Project("{9A19103F-16F7-4668-BE54-9A1E7A4F7556}") = "IzmRehber", "IzmRehber.csproj", "{6E9728A1-0370-4AE1-AE20-8A461515ABB0}"
EndProject
Global
	GlobalSection(SolutionConfigurationPlatforms) = preSolution
		Debug|Any CPU = Debug|Any CPU
		Release|Any CPU = Release|Any CPU
	EndGlobalSection
	GlobalSection(ProjectConfigurationPlatforms) = postSolution
		{6E9728A1-0370-4AE1-AE20-8A461515ABB0}.Debug|Any CPU.ActiveCfg = Debug|Any CPU
		{6E9728A1-0370-4AE1-AE20-8A461515ABB0}.Debug|Any CPU.Build.0 = Debug|Any CPU
		{6E9728A1-0370-4AE1-AE20-8A461515ABB0}.Release|Any CPU.ActiveCfg = Release|Any CPU
		{6E9728A1-0370-4AE1-AE20-8A461515ABB0}.Release|Any CPU.Build.0 = Release|Any CPU
	EndGlobalSection
	GlobalSection(SolutionProperties) = preSolution
		HideSolutionNode = FALSE
	EndGlobalSection
	GlobalSection(ExtensibilityGlobals) = postSolution
		SolutionGuid = {AFC7533D-4A12-4A67-A52A-23937A02A93E}
	EndGlobalSection
EndGlobal
